
Microsoft Visual Studio Solution File, Format Version 12.00
# Visual Studio 15
VisualStudioVersion = 15.0.27428.2015
MinimumVisualStudioVersion = 10.0.40219.1
Project("{9A19103F-16F7-4668-BE54-9A1E7A4F7556}") = "Liang.DAL", "Liang.DAL\Liang.DAL.csproj", "{1566C1A3-31BE-4363-96CD-A57E53B93AA8}"
EndProject
Project("{9A19103F-16F7-4668-BE54-9A1E7A4F7556}") = "Liang.Model", "Liang.Model\Liang.Model.csproj", "{3CA61F4E-8CE0-4C53-9044-06E1B46F7372}"
EndProject
Project("{9A19103F-16F7-4668-BE54-9A1E7A4F7556}") = "Liang.BLL", "Liang.BLL\Liang.BLL.csproj", "{6C178D60-3464-4DE2-AB97-54765FD04250}"
EndProject
Project("{9A19103F-16F7-4668-BE54-9A1E7A4F7556}") = "Liang.Test", "Liang.Test\Liang.Test.csproj", "{96F54283-AC0F-491D-8209-9FDEA232F6AD}"
EndProject
Project("{9A19103F-16F7-4668-BE54-9A1E7A4F7556}") = "Liang.T4", "Liang.T4\Liang.T4.csproj", "{682667CD-8A5A-4B03-B0DD-B26F0DC4F1F0}"
EndProject
Project("{FAE04EC0-301F-11D3-BF4B-00C04F79EFBC}") = "Liang.Tools", "Liang.Tools\Liang.Tools.csproj", "{64281DCA-6175-40E7-B47D-EE58AD5B3A8E}"
EndProject
Global
	GlobalSection(SolutionConfigurationPlatforms) = preSolution
		Debug|Any CPU = Debug|Any CPU
		Release|Any CPU = Release|Any CPU
	EndGlobalSection
	GlobalSection(ProjectConfigurationPlatforms) = postSolution
		{1566C1A3-31BE-4363-96CD-A57E53B93AA8}.Debug|Any CPU.ActiveCfg = Debug|Any CPU
		{1566C1A3-31BE-4363-96CD-A57E53B93AA8}.Debug|Any CPU.Build.0 = Debug|Any CPU
		{1566C1A3-31BE-4363-96CD-A57E53B93AA8}.Release|Any CPU.ActiveCfg = Release|Any CPU
		{1566C1A3-31BE-4363-96CD-A57E53B93AA8}.Release|Any CPU.Build.0 = Release|Any CPU
		{3CA61F4E-8CE0-4C53-9044-06E1B46F7372}.Debug|Any CPU.ActiveCfg = Debug|Any CPU
		{3CA61F4E-8CE0-4C53-9044-06E1B46F7372}.Debug|Any CPU.Build.0 = Debug|Any CPU
		{3CA61F4E-8CE0-4C53-9044-06E1B46F7372}.Release|Any CPU.ActiveCfg = Release|Any CPU
		{3CA61F4E-8CE0-4C53-9044-06E1B46F7372}.Release|Any CPU.Build.0 = Release|Any CPU
		{6C178D60-3464-4DE2-AB97-54765FD04250}.Debug|Any CPU.ActiveCfg = Debug|Any CPU
		{6C178D60-3464-4DE2-AB97-54765FD04250}.Debug|Any CPU.Build.0 = Debug|Any CPU
		{6C178D60-3464-4DE2-AB97-54765FD04250}.Release|Any CPU.ActiveCfg = Release|Any CPU
		{6C178D60-3464-4DE2-AB97-54765FD04250}.Release|Any CPU.Build.0 = Release|Any CPU
		{96F54283-AC0F-491D-8209-9FDEA232F6AD}.Debug|Any CPU.ActiveCfg = Debug|Any CPU
		{96F54283-AC0F-491D-8209-9FDEA232F6AD}.Debug|Any CPU.Build.0 = Debug|Any CPU
		{96F54283-AC0F-491D-8209-9FDEA232F6AD}.Release|Any CPU.ActiveCfg = Release|Any CPU
		{96F54283-AC0F-491D-8209-9FDEA232F6AD}.Release|Any CPU.Build.0 = Release|Any CPU
		{682667CD-8A5A-4B03-B0DD-B26F0DC4F1F0}.Debug|Any CPU.ActiveCfg = Debug|Any CPU
		{682667CD-8A5A-4B03-B0DD-B26F0DC4F1F0}.Debug|Any CPU.Build.0 = Debug|Any CPU
		{682667CD-8A5A-4B03-B0DD-B26F0DC4F1F0}.Release|Any CPU.ActiveCfg = Release|Any CPU
		{682667CD-8A5A-4B03-B0DD-B26F0DC4F1F0}.Release|Any CPU.Build.0 = Release|Any CPU
		{64281DCA-6175-40E7-B47D-EE58AD5B3A8E}.Debug|Any CPU.ActiveCfg = Debug|Any CPU
		{64281DCA-6175-40E7-B47D-EE58AD5B3A8E}.Debug|Any CPU.Build.0 = Debug|Any CPU
		{64281DCA-6175-40E7-B47D-EE58AD5B3A8E}.Release|Any CPU.ActiveCfg = Release|Any CPU
		{64281DCA-6175-40E7-B47D-EE58AD5B3A8E}.Release|Any CPU.Build.0 = Release|Any CPU
	EndGlobalSection
	GlobalSection(SolutionProperties) = preSolution
		HideSolutionNode = FALSE
	EndGlobalSection
	GlobalSection(ExtensibilityGlobals) = postSolution
		SolutionGuid = {40659E17-F09B-4250-8D11-DBC97F52F687}
	EndGlobalSection
EndGlobal
